
Microsoft Visual Studio Solution File, Format Version 12.00
# Visual Studio Version 17
VisualStudioVersion = 17.3.32929.385
MinimumVisualStudioVersion = 10.0.40219.1
Project("{FAE04EC0-301F-11D3-BF4B-00C04F79EFBC}") = "Tutorial", "Tutorial\Tutorial.csproj", "{92C2ADAA-EFA5-4876-A20E-8C4A73119B10}"
EndProject
Project("{FAE04EC0-301F-11D3-BF4B-00C04F79EFBC}") = "Challenge01", "Challenge01\Challenge01.csproj", "{F13C9615-C557-4B30-8D2F-F4931C95BF60}"
EndProject
Project("{FAE04EC0-301F-11D3-BF4B-00C04F79EFBC}") = "Challenge02", "Challenge02\Challenge02.csproj", "{1814A479-1F66-48E6-968E-7BA91E3F58B9}"
EndProject
Project("{FAE04EC0-301F-11D3-BF4B-00C04F79EFBC}") = "Challenge03", "Challenge03\Challenge03.csproj", "{482C205B-28E2-427B-BDAD-61B83C5A1DDE}"
EndProject
Project("{FAE04EC0-301F-11D3-BF4B-00C04F79EFBC}") = "Challenge04", "Challenge04\Challenge04.csproj", "{6ED5F4F7-A797-4699-B56F-B00B98A75F70}"
EndProject
Global
	GlobalSection(SolutionConfigurationPlatforms) = preSolution
		Debug|Any CPU = Debug|Any CPU
		Release|Any CPU = Release|Any CPU
	EndGlobalSection
	GlobalSection(ProjectConfigurationPlatforms) = postSolution
		{92C2ADAA-EFA5-4876-A20E-8C4A73119B10}.Debug|Any CPU.ActiveCfg = Debug|Any CPU
		{92C2ADAA-EFA5-4876-A20E-8C4A73119B10}.Debug|Any CPU.Build.0 = Debug|Any CPU
		{92C2ADAA-EFA5-4876-A20E-8C4A73119B10}.Release|Any CPU.ActiveCfg = Release|Any CPU
		{92C2ADAA-EFA5-4876-A20E-8C4A73119B10}.Release|Any CPU.Build.0 = Release|Any CPU
		{F13C9615-C557-4B30-8D2F-F4931C95BF60}.Debug|Any CPU.ActiveCfg = Debug|Any CPU
		{F13C9615-C557-4B30-8D2F-F4931C95BF60}.Debug|Any CPU.Build.0 = Debug|Any CPU
		{F13C9615-C557-4B30-8D2F-F4931C95BF60}.Release|Any CPU.ActiveCfg = Release|Any CPU
		{F13C9615-C557-4B30-8D2F-F4931C95BF60}.Release|Any CPU.Build.0 = Release|Any CPU
		{1814A479-1F66-48E6-968E-7BA91E3F58B9}.Debug|Any CPU.ActiveCfg = Debug|Any CPU
		{1814A479-1F66-48E6-968E-7BA91E3F58B9}.Debug|Any CPU.Build.0 = Debug|Any CPU
		{1814A479-1F66-48E6-968E-7BA91E3F58B9}.Release|Any CPU.ActiveCfg = Release|Any CPU
		{1814A479-1F66-48E6-968E-7BA91E3F58B9}.Release|Any CPU.Build.0 = Release|Any CPU
		{482C205B-28E2-427B-BDAD-61B83C5A1DDE}.Debug|Any CPU.ActiveCfg = Debug|Any CPU
		{482C205B-28E2-427B-BDAD-61B83C5A1DDE}.Debug|Any CPU.Build.0 = Debug|Any CPU
		{482C205B-28E2-427B-BDAD-61B83C5A1DDE}.Release|Any CPU.ActiveCfg = Release|Any CPU
		{482C205B-28E2-427B-BDAD-61B83C5A1DDE}.Release|Any CPU.Build.0 = Release|Any CPU
		{6ED5F4F7-A797-4699-B56F-B00B98A75F70}.Debug|Any CPU.ActiveCfg = Debug|Any CPU
		{6ED5F4F7-A797-4699-B56F-B00B98A75F70}.Debug|Any CPU.Build.0 = Debug|Any CPU
		{6ED5F4F7-A797-4699-B56F-B00B98A75F70}.Release|Any CPU.ActiveCfg = Release|Any CPU
		{6ED5F4F7-A797-4699-B56F-B00B98A75F70}.Release|Any CPU.Build.0 = Release|Any CPU
	EndGlobalSection
	GlobalSection(SolutionProperties) = preSolution
		HideSolutionNode = FALSE
	EndGlobalSection
	GlobalSection(ExtensibilityGlobals) = postSolution
		SolutionGuid = {06E7D225-5E79-4EB3-BF8B-E620B8AD5411}
	EndGlobalSection
EndGlobal
